// !$*UTF8*$!
{
	archiveVersion = 1;
	classes = {
	};
	objectVersion = 46;
	objects = {

/* Begin PBXBuildFile section */
		5A44A1C819F0E71A006A9E1C /* Foundation.framework in Frameworks */ = {isa = PBXBuildFile; fileRef = 5A44A1C719F0E71A006A9E1C /* Foundation.framework */; };
		5A44A1CA19F0E71A006A9E1C /* CoreGraphics.framework in Frameworks */ = {isa = PBXBuildFile; fileRef = 5A44A1C919F0E71A006A9E1C /* CoreGraphics.framework */; };
		5A44A1CC19F0E71A006A9E1C /* UIKit.framework in Frameworks */ = {isa = PBXBuildFile; fileRef = 5A44A1CB19F0E71A006A9E1C /* UIKit.framework */; };
		5A44A1D219F0E71A006A9E1C /* InfoPlist.strings in Resources */ = {isa = PBXBuildFile; fileRef = 5A44A1D019F0E71A006A9E1C /* InfoPlist.strings */; };
		5A44A1D419F0E71A006A9E1C /* main.m in Sources */ = {isa = PBXBuildFile; fileRef = 5A44A1D319F0E71A006A9E1C /* main.m */; };
		5A44A1D819F0E71A006A9E1C /* AppDelegate.m in Sources */ = {isa = PBXBuildFile; fileRef = 5A44A1D719F0E71A006A9E1C /* AppDelegate.m */; };
		5A44A1DB19F0E71A006A9E1C /* Main_iPhone.storyboard in Resources */ = {isa = PBXBuildFile; fileRef = 5A44A1D919F0E71A006A9E1C /* Main_iPhone.storyboard */; };
		5A44A1E319F0E71A006A9E1C /* Images.xcassets in Resources */ = {isa = PBXBuildFile; fileRef = 5A44A1E219F0E71A006A9E1C /* Images.xcassets */; };
		5A44A1EA19F0E71A006A9E1C /* XCTest.framework in Frameworks */ = {isa = PBXBuildFile; fileRef = 5A44A1E919F0E71A006A9E1C /* XCTest.framework */; };
		5A44A1EB19F0E71A006A9E1C /* Foundation.framework in Frameworks */ = {isa = PBXBuildFile; fileRef = 5A44A1C719F0E71A006A9E1C /* Foundation.framework */; };
		5A44A1EC19F0E71A006A9E1C /* UIKit.framework in Frameworks */ = {isa = PBXBuildFile; fileRef = 5A44A1CB19F0E71A006A9E1C /* UIKit.framework */; };
		5A44A1F419F0E71A006A9E1C /* InfoPlist.strings in Resources */ = {isa = PBXBuildFile; fileRef = 5A44A1F219F0E71A006A9E1C /* InfoPlist.strings */; };
		5A44A1F619F0E71A006A9E1C /* mailClassifierTests.m in Sources */ = {isa = PBXBuildFile; fileRef = 5A44A1F519F0E71A006A9E1C /* mailClassifierTests.m */; };
		C2E4A44119F504B70048AD35 /* CFNetwork.framework in Frameworks */ = {isa = PBXBuildFile; fileRef = C2E4A44019F504B70048AD35 /* CFNetwork.framework */; };
		C2E4A44319F504BF0048AD35 /* Security.framework in Frameworks */ = {isa = PBXBuildFile; fileRef = C2E4A44219F504BF0048AD35 /* Security.framework */; };
		C2E4A45E19F50BDA0048AD35 /* libMailCore-ios.a in Frameworks */ = {isa = PBXBuildFile; fileRef = C2E4A45219F507AC0048AD35 /* libMailCore-ios.a */; };
		C2E4A47019F520120048AD35 /* OSDocument.m in Sources */ = {isa = PBXBuildFile; fileRef = C2E4A46B19F520120048AD35 /* OSDocument.m */; };
		C2E4A47119F520120048AD35 /* OSSqlite.m in Sources */ = {isa = PBXBuildFile; fileRef = C2E4A46D19F520120048AD35 /* OSSqlite.m */; };
		C2E4A47219F520120048AD35 /* OSVector.m in Sources */ = {isa = PBXBuildFile; fileRef = C2E4A46F19F520120048AD35 /* OSVector.m */; };
		C2E4A47B19F5201B0048AD35 /* CTokenizer.m in Sources */ = {isa = PBXBuildFile; fileRef = C2E4A47419F5201B0048AD35 /* CTokenizer.m */; };
		C2E4A47C19F5201B0048AD35 /* android.db in Resources */ = {isa = PBXBuildFile; fileRef = C2E4A47619F5201B0048AD35 /* android.db */; };
		C2E4A47D19F5201B0048AD35 /* itunes.db in Resources */ = {isa = PBXBuildFile; fileRef = C2E4A47719F5201B0048AD35 /* itunes.db */; };
		C2E4A47E19F5201B0048AD35 /* sigmaBase030.db in Resources */ = {isa = PBXBuildFile; fileRef = C2E4A47819F5201B0048AD35 /* sigmaBase030.db */; };
		C2E4A47F19F5201B0048AD35 /* sigmaIndex.db in Resources */ = {isa = PBXBuildFile; fileRef = C2E4A47919F5201B0048AD35 /* sigmaIndex.db */; };
		C2E4A48019F5201B0048AD35 /* sigmaSimilarity030.db in Resources */ = {isa = PBXBuildFile; fileRef = C2E4A47A19F5201B0048AD35 /* sigmaSimilarity030.db */; };
		C2E4A48219F520380048AD35 /* libsqlite3.0.dylib in Frameworks */ = {isa = PBXBuildFile; fileRef = C2E4A48119F520380048AD35 /* libsqlite3.0.dylib */; };
		C2E4A48619F601400048AD35 /* Main.storyboard in Resources */ = {isa = PBXBuildFile; fileRef = C2E4A48419F601400048AD35 /* Main.storyboard */; };
		C2E4A48C19F602430048AD35 /* OSClassifier.m in Sources */ = {isa = PBXBuildFile; fileRef = C2E4A48B19F602430048AD35 /* OSClassifier.m */; };
		C2E4A49119F6025C0048AD35 /* EmailDetailViewController.m in Sources */ = {isa = PBXBuildFile; fileRef = C2E4A48E19F6025C0048AD35 /* EmailDetailViewController.m */; };
		C2E4A49219F6025C0048AD35 /* ViewController.m in Sources */ = {isa = PBXBuildFile; fileRef = C2E4A49019F6025C0048AD35 /* ViewController.m */; };
/* End PBXBuildFile section */

/* Begin PBXContainerItemProxy section */
		5A44A1ED19F0E71A006A9E1C /* PBXContainerItemProxy */ = {
			isa = PBXContainerItemProxy;
			containerPortal = 5A44A1BC19F0E71A006A9E1C /* Project object */;
			proxyType = 1;
			remoteGlobalIDString = 5A44A1C319F0E71A006A9E1C;
			remoteInfo = mailClassifier;
		};
		C2E4A44F19F507AC0048AD35 /* PBXContainerItemProxy */ = {
			isa = PBXContainerItemProxy;
			containerPortal = C2E4A44619F507AB0048AD35 /* mailcore2.xcodeproj */;
			proxyType = 2;
			remoteGlobalIDString = C64EA537169E772200778456;
			remoteInfo = "static mailcore2 osx";
		};
		C2E4A45119F507AC0048AD35 /* PBXContainerItemProxy */ = {
			isa = PBXContainerItemProxy;
			containerPortal = C2E4A44619F507AB0048AD35 /* mailcore2.xcodeproj */;
			proxyType = 2;
			remoteGlobalIDString = C6BA2C191705F4E6003F0E9E;
			remoteInfo = "static mailcore2 ios";
		};
		C2E4A45319F507AC0048AD35 /* PBXContainerItemProxy */ = {
			isa = PBXContainerItemProxy;
			containerPortal = C2E4A44619F507AB0048AD35 /* mailcore2.xcodeproj */;
			proxyType = 2;
			remoteGlobalIDString = C64EA78C169F259200778456;
			remoteInfo = tests;
		};
		C2E4A45519F507AC0048AD35 /* PBXContainerItemProxy */ = {
			isa = PBXContainerItemProxy;
			containerPortal = C2E4A44619F507AB0048AD35 /* mailcore2.xcodeproj */;
			proxyType = 2;
			remoteGlobalIDString = C6A81B911706840C00882C15;
			remoteInfo = "test-ios";
		};
		C2E4A45719F507AC0048AD35 /* PBXContainerItemProxy */ = {
			isa = PBXContainerItemProxy;
			containerPortal = C2E4A44619F507AB0048AD35 /* mailcore2.xcodeproj */;
			proxyType = 2;
			remoteGlobalIDString = C6BD288D170BD71100A91AC1;
			remoteInfo = "mailcore osx";
		};
		C2E4A45919F507AC0048AD35 /* PBXContainerItemProxy */ = {
			isa = PBXContainerItemProxy;
			containerPortal = C2E4A44619F507AB0048AD35 /* mailcore2.xcodeproj */;
			proxyType = 2;
			remoteGlobalIDString = 27780C3A19CF9CD100C77E44;
			remoteInfo = "mailcore ios";
		};
		C2E4A45C19F508000048AD35 /* PBXContainerItemProxy */ = {
			isa = PBXContainerItemProxy;
			containerPortal = C2E4A44619F507AB0048AD35 /* mailcore2.xcodeproj */;
			proxyType = 1;
			remoteGlobalIDString = C6BA2B091705F4E6003F0E9E;
			remoteInfo = "static mailcore2 ios";
		};
/* End PBXContainerItemProxy section */

/* Begin PBXFileReference section */
		5A44A1C419F0E71A006A9E1C /* mailClassifier.app */ = {isa = PBXFileReference; explicitFileType = wrapper.application; includeInIndex = 0; path = mailClassifier.app; sourceTree = BUILT_PRODUCTS_DIR; };
		5A44A1C719F0E71A006A9E1C /* Foundation.framework */ = {isa = PBXFileReference; lastKnownFileType = wrapper.framework; name = Foundation.framework; path = System/Library/Frameworks/Foundation.framework; sourceTree = SDKROOT; };
		5A44A1C919F0E71A006A9E1C /* CoreGraphics.framework */ = {isa = PBXFileReference; lastKnownFileType = wrapper.framework; name = CoreGraphics.framework; path = System/Library/Frameworks/CoreGraphics.framework; sourceTree = SDKROOT; };
		5A44A1CB19F0E71A006A9E1C /* UIKit.framework */ = {isa = PBXFileReference; lastKnownFileType = wrapper.framework; name = UIKit.framework; path = System/Library/Frameworks/UIKit.framework; sourceTree = SDKROOT; };
		5A44A1CF19F0E71A006A9E1C /* mailClassifier-Info.plist */ = {isa = PBXFileReference; lastKnownFileType = text.plist.xml; path = "mailClassifier-Info.plist"; sourceTree = "<group>"; };
		5A44A1D119F0E71A006A9E1C /* en */ = {isa = PBXFileReference; lastKnownFileType = text.plist.strings; name = en; path = en.lproj/InfoPlist.strings; sourceTree = "<group>"; };
		5A44A1D319F0E71A006A9E1C /* main.m */ = {isa = PBXFileReference; lastKnownFileType = sourcecode.c.objc; path = main.m; sourceTree = "<group>"; };
		5A44A1D519F0E71A006A9E1C /* mailClassifier-Prefix.pch */ = {isa = PBXFileReference; lastKnownFileType = sourcecode.c.h; path = "mailClassifier-Prefix.pch"; sourceTree = "<group>"; };
		5A44A1D619F0E71A006A9E1C /* AppDelegate.h */ = {isa = PBXFileReference; lastKnownFileType = sourcecode.c.h; path = AppDelegate.h; sourceTree = "<group>"; };
		5A44A1D719F0E71A006A9E1C /* AppDelegate.m */ = {isa = PBXFileReference; lastKnownFileType = sourcecode.c.objc; path = AppDelegate.m; sourceTree = "<group>"; };
		5A44A1DA19F0E71A006A9E1C /* Base */ = {isa = PBXFileReference; lastKnownFileType = file.storyboard; name = Base; path = Base.lproj/Main_iPhone.storyboard; sourceTree = "<group>"; };
		5A44A1E219F0E71A006A9E1C /* Images.xcassets */ = {isa = PBXFileReference; lastKnownFileType = folder.assetcatalog; path = Images.xcassets; sourceTree = "<group>"; };
		5A44A1E819F0E71A006A9E1C /* mailClassifierTests.xctest */ = {isa = PBXFileReference; explicitFileType = wrapper.cfbundle; includeInIndex = 0; path = mailClassifierTests.xctest; sourceTree = BUILT_PRODUCTS_DIR; };
		5A44A1E919F0E71A006A9E1C /* XCTest.framework */ = {isa = PBXFileReference; lastKnownFileType = wrapper.framework; name = XCTest.framework; path = Library/Frameworks/XCTest.framework; sourceTree = DEVELOPER_DIR; };
		5A44A1F119F0E71A006A9E1C /* mailClassifierTests-Info.plist */ = {isa = PBXFileReference; lastKnownFileType = text.plist.xml; path = "mailClassifierTests-Info.plist"; sourceTree = "<group>"; };
		5A44A1F319F0E71A006A9E1C /* en */ = {isa = PBXFileReference; lastKnownFileType = text.plist.strings; name = en; path = en.lproj/InfoPlist.strings; sourceTree = "<group>"; };
		5A44A1F519F0E71A006A9E1C /* mailClassifierTests.m */ = {isa = PBXFileReference; lastKnownFileType = sourcecode.c.objc; path = mailClassifierTests.m; sourceTree = "<group>"; };
		C2E4A44019F504B70048AD35 /* CFNetwork.framework */ = {isa = PBXFileReference; lastKnownFileType = wrapper.framework; name = CFNetwork.framework; path = System/Library/Frameworks/CFNetwork.framework; sourceTree = SDKROOT; };
		C2E4A44219F504BF0048AD35 /* Security.framework */ = {isa = PBXFileReference; lastKnownFileType = wrapper.framework; name = Security.framework; path = System/Library/Frameworks/Security.framework; sourceTree = SDKROOT; };
		C2E4A44619F507AB0048AD35 /* mailcore2.xcodeproj */ = {isa = PBXFileReference; lastKnownFileType = "wrapper.pb-project"; name = mailcore2.xcodeproj; path = "mailClassifier/lib/mailcore2/build-mac/mailcore2.xcodeproj"; sourceTree = "<group>"; };
		C2E4A46A19F520120048AD35 /* OSDocument.h */ = {isa = PBXFileReference; fileEncoding = 4; lastKnownFileType = sourcecode.c.h; path = OSDocument.h; sourceTree = "<group>"; };
		C2E4A46B19F520120048AD35 /* OSDocument.m */ = {isa = PBXFileReference; fileEncoding = 4; lastKnownFileType = sourcecode.c.objc; path = OSDocument.m; sourceTree = "<group>"; };
		C2E4A46C19F520120048AD35 /* OSSqlite.h */ = {isa = PBXFileReference; fileEncoding = 4; lastKnownFileType = sourcecode.c.h; path = OSSqlite.h; sourceTree = "<group>"; };
		C2E4A46D19F520120048AD35 /* OSSqlite.m */ = {isa = PBXFileReference; fileEncoding = 4; lastKnownFileType = sourcecode.c.objc; path = OSSqlite.m; sourceTree = "<group>"; };
		C2E4A46E19F520120048AD35 /* OSVector.h */ = {isa = PBXFileReference; fileEncoding = 4; lastKnownFileType = sourcecode.c.h; path = OSVector.h; sourceTree = "<group>"; };
		C2E4A46F19F520120048AD35 /* OSVector.m */ = {isa = PBXFileReference; fileEncoding = 4; lastKnownFileType = sourcecode.c.objc; path = OSVector.m; sourceTree = "<group>"; };
		C2E4A47319F5201B0048AD35 /* CTokenizer.h */ = {isa = PBXFileReference; fileEncoding = 4; lastKnownFileType = sourcecode.c.h; name = CTokenizer.h; path = lib/CTokenizer.h; sourceTree = "<group>"; };
		C2E4A47419F5201B0048AD35 /* CTokenizer.m */ = {isa = PBXFileReference; fileEncoding = 4; lastKnownFileType = sourcecode.c.objc; name = CTokenizer.m; path = lib/CTokenizer.m; sourceTree = "<group>"; };
		C2E4A47619F5201B0048AD35 /* android.db */ = {isa = PBXFileReference; lastKnownFileType = file; path = android.db; sourceTree = "<group>"; };
		C2E4A47719F5201B0048AD35 /* itunes.db */ = {isa = PBXFileReference; lastKnownFileType = file; path = itunes.db; sourceTree = "<group>"; };
		C2E4A47819F5201B0048AD35 /* sigmaBase030.db */ = {isa = PBXFileReference; lastKnownFileType = file; path = sigmaBase030.db; sourceTree = "<group>"; };
		C2E4A47919F5201B0048AD35 /* sigmaIndex.db */ = {isa = PBXFileReference; lastKnownFileType = file; path = sigmaIndex.db; sourceTree = "<group>"; };
		C2E4A47A19F5201B0048AD35 /* sigmaSimilarity030.db */ = {isa = PBXFileReference; lastKnownFileType = file; path = sigmaSimilarity030.db; sourceTree = "<group>"; };
		C2E4A48119F520380048AD35 /* libsqlite3.0.dylib */ = {isa = PBXFileReference; lastKnownFileType = "compiled.mach-o.dylib"; name = libsqlite3.0.dylib; path = usr/lib/libsqlite3.0.dylib; sourceTree = SDKROOT; };
		C2E4A48519F601400048AD35 /* Base */ = {isa = PBXFileReference; lastKnownFileType = file.storyboard; name = Base; path = Base.lproj/Main.storyboard; sourceTree = "<group>"; };
		C2E4A48A19F602430048AD35 /* OSClassifier.h */ = {isa = PBXFileReference; fileEncoding = 4; lastKnownFileType = sourcecode.c.h; path = OSClassifier.h; sourceTree = "<group>"; };
		C2E4A48B19F602430048AD35 /* OSClassifier.m */ = {isa = PBXFileReference; fileEncoding = 4; lastKnownFileType = sourcecode.c.objc; path = OSClassifier.m; sourceTree = "<group>"; };
		C2E4A48D19F6025C0048AD35 /* EmailDetailViewController.h */ = {isa = PBXFileReference; fileEncoding = 4; lastKnownFileType = sourcecode.c.h; path = EmailDetailViewController.h; sourceTree = "<group>"; };
		C2E4A48E19F6025C0048AD35 /* EmailDetailViewController.m */ = {isa = PBXFileReference; fileEncoding = 4; lastKnownFileType = sourcecode.c.objc; path = EmailDetailViewController.m; sourceTree = "<group>"; };
		C2E4A48F19F6025C0048AD35 /* ViewController.h */ = {isa = PBXFileReference; fileEncoding = 4; lastKnownFileType = sourcecode.c.h; path = ViewController.h; sourceTree = "<group>"; };
		C2E4A49019F6025C0048AD35 /* ViewController.m */ = {isa = PBXFileReference; fileEncoding = 4; lastKnownFileType = sourcecode.c.objc; path = ViewController.m; sourceTree = "<group>"; };
/* End PBXFileReference section */

/* Begin PBXFrameworksBuildPhase section */
		5A44A1C119F0E71A006A9E1C /* Frameworks */ = {
			isa = PBXFrameworksBuildPhase;
			buildActionMask = 2147483647;
			files = (
				C2E4A48219F520380048AD35 /* libsqlite3.0.dylib in Frameworks */,
				C2E4A45E19F50BDA0048AD35 /* libMailCore-ios.a in Frameworks */,
				C2E4A44319F504BF0048AD35 /* Security.framework in Frameworks */,
				C2E4A44119F504B70048AD35 /* CFNetwork.framework in Frameworks */,
				5A44A1CA19F0E71A006A9E1C /* CoreGraphics.framework in Frameworks */,
				5A44A1CC19F0E71A006A9E1C /* UIKit.framework in Frameworks */,
				5A44A1C819F0E71A006A9E1C /* Foundation.framework in Frameworks */,
			);
			runOnlyForDeploymentPostprocessing = 0;
		};
		5A44A1E519F0E71A006A9E1C /* Frameworks */ = {
			isa = PBXFrameworksBuildPhase;
			buildActionMask = 2147483647;
			files = (
				5A44A1EA19F0E71A006A9E1C /* XCTest.framework in Frameworks */,
				5A44A1EC19F0E71A006A9E1C /* UIKit.framework in Frameworks */,
				5A44A1EB19F0E71A006A9E1C /* Foundation.framework in Frameworks */,
			);
			runOnlyForDeploymentPostprocessing = 0;
		};
/* End PBXFrameworksBuildPhase section */

/* Begin PBXGroup section */
		5A44A1BB19F0E71A006A9E1C = {
			isa = PBXGroup;
			children = (
				C2E4A44619F507AB0048AD35 /* mailcore2.xcodeproj */,
				5A44A1CD19F0E71A006A9E1C /* mailClassifier */,
				5A44A1EF19F0E71A006A9E1C /* mailClassifierTests */,
				5A44A1C619F0E71A006A9E1C /* Frameworks */,
				5A44A1C519F0E71A006A9E1C /* Products */,
			);
			sourceTree = "<group>";
		};
		5A44A1C519F0E71A006A9E1C /* Products */ = {
			isa = PBXGroup;
			children = (
				5A44A1C419F0E71A006A9E1C /* mailClassifier.app */,
				5A44A1E819F0E71A006A9E1C /* mailClassifierTests.xctest */,
			);
			name = Products;
			sourceTree = "<group>";
		};
		5A44A1C619F0E71A006A9E1C /* Frameworks */ = {
			isa = PBXGroup;
			children = (
				C2E4A48119F520380048AD35 /* libsqlite3.0.dylib */,
				C2E4A44219F504BF0048AD35 /* Security.framework */,
				C2E4A44019F504B70048AD35 /* CFNetwork.framework */,
				5A44A1C719F0E71A006A9E1C /* Foundation.framework */,
				5A44A1C919F0E71A006A9E1C /* CoreGraphics.framework */,
				5A44A1CB19F0E71A006A9E1C /* UIKit.framework */,
				5A44A1E919F0E71A006A9E1C /* XCTest.framework */,
			);
			name = Frameworks;
			sourceTree = "<group>";
		};
		5A44A1CD19F0E71A006A9E1C /* mailClassifier */ = {
			isa = PBXGroup;
			children = (
				C2E4A46919F520120048AD35 /* Model */,
				C2E4A46519F5200C0048AD35 /* Controller */,
				C2E49D0B19F503A60048AD35 /* lib */,
				5A44A1D619F0E71A006A9E1C /* AppDelegate.h */,
				5A44A1D719F0E71A006A9E1C /* AppDelegate.m */,
				5A44A1D919F0E71A006A9E1C /* Main_iPhone.storyboard */,
				C2E4A48419F601400048AD35 /* Main.storyboard */,
				5A44A1E219F0E71A006A9E1C /* Images.xcassets */,
				5A44A1CE19F0E71A006A9E1C /* Supporting Files */,
			);
			path = mailClassifier;
			sourceTree = "<group>";
		};
		5A44A1CE19F0E71A006A9E1C /* Supporting Files */ = {
			isa = PBXGroup;
			children = (
				5A44A1CF19F0E71A006A9E1C /* mailClassifier-Info.plist */,
				5A44A1D019F0E71A006A9E1C /* InfoPlist.strings */,
				5A44A1D319F0E71A006A9E1C /* main.m */,
				5A44A1D519F0E71A006A9E1C /* mailClassifier-Prefix.pch */,
			);
			name = "Supporting Files";
			sourceTree = "<group>";
		};
		5A44A1EF19F0E71A006A9E1C /* mailClassifierTests */ = {
			isa = PBXGroup;
			children = (
				5A44A1F519F0E71A006A9E1C /* mailClassifierTests.m */,
				5A44A1F019F0E71A006A9E1C /* Supporting Files */,
			);
			path = mailClassifierTests;
			sourceTree = "<group>";
		};
		5A44A1F019F0E71A006A9E1C /* Supporting Files */ = {
			isa = PBXGroup;
			children = (
				5A44A1F119F0E71A006A9E1C /* mailClassifierTests-Info.plist */,
				5A44A1F219F0E71A006A9E1C /* InfoPlist.strings */,
			);
			name = "Supporting Files";
			sourceTree = "<group>";
		};
		C2E49D0B19F503A60048AD35 /* lib */ = {
			isa = PBXGroup;
			children = (
				C2E4A47319F5201B0048AD35 /* CTokenizer.h */,
				C2E4A47419F5201B0048AD35 /* CTokenizer.m */,
				C2E4A47519F5201B0048AD35 /* data */,
			);
			name = lib;
			sourceTree = "<group>";
		};
		C2E4A44719F507AB0048AD35 /* Products */ = {
			isa = PBXGroup;
			children = (
				C2E4A45019F507AC0048AD35 /* libMailCore.a */,
				C2E4A45219F507AC0048AD35 /* libMailCore-ios.a */,
				C2E4A45419F507AC0048AD35 /* tests */,
				C2E4A45619F507AC0048AD35 /* test-ios.app */,
				C2E4A45819F507AC0048AD35 /* MailCore.framework */,
				C2E4A45A19F507AC0048AD35 /* MailCore-ios.framework */,
			);
			name = Products;
			sourceTree = "<group>";
		};
		C2E4A46519F5200C0048AD35 /* Controller */ = {
			isa = PBXGroup;
			children = (
				C2E4A48D19F6025C0048AD35 /* EmailDetailViewController.h */,
				C2E4A48E19F6025C0048AD35 /* EmailDetailViewController.m */,
				C2E4A48F19F6025C0048AD35 /* ViewController.h */,
				C2E4A49019F6025C0048AD35 /* ViewController.m */,
			);
			path = Controller;
			sourceTree = "<group>";
		};
		C2E4A46919F520120048AD35 /* Model */ = {
			isa = PBXGroup;
			children = (
				C2E4A48A19F602430048AD35 /* OSClassifier.h */,
				C2E4A48B19F602430048AD35 /* OSClassifier.m */,
				C2E4A46A19F520120048AD35 /* OSDocument.h */,
				C2E4A46B19F520120048AD35 /* OSDocument.m */,
				C2E4A46C19F520120048AD35 /* OSSqlite.h */,
				C2E4A46D19F520120048AD35 /* OSSqlite.m */,
				C2E4A46E19F520120048AD35 /* OSVector.h */,
				C2E4A46F19F520120048AD35 /* OSVector.m */,
			);
			path = Model;
			sourceTree = "<group>";
		};
		C2E4A47519F5201B0048AD35 /* data */ = {
			isa = PBXGroup;
			children = (
				C2E4A47619F5201B0048AD35 /* android.db */,
				C2E4A47719F5201B0048AD35 /* itunes.db */,
				C2E4A47819F5201B0048AD35 /* sigmaBase030.db */,
				C2E4A47919F5201B0048AD35 /* sigmaIndex.db */,
				C2E4A47A19F5201B0048AD35 /* sigmaSimilarity030.db */,
			);
			name = data;
			path = lib/data;
			sourceTree = "<group>";
		};
/* End PBXGroup section */

/* Begin PBXNativeTarget section */
		5A44A1C319F0E71A006A9E1C /* mailClassifier */ = {
			isa = PBXNativeTarget;
			buildConfigurationList = 5A44A1F919F0E71A006A9E1C /* Build configuration list for PBXNativeTarget "mailClassifier" */;
			buildPhases = (
				5A44A1C019F0E71A006A9E1C /* Sources */,
				5A44A1C119F0E71A006A9E1C /* Frameworks */,
				5A44A1C219F0E71A006A9E1C /* Resources */,
			);
			buildRules = (
			);
			dependencies = (
				C2E4A45D19F508000048AD35 /* PBXTargetDependency */,
			);
			name = mailClassifier;
			productName = mailClassifier;
			productReference = 5A44A1C419F0E71A006A9E1C /* mailClassifier.app */;
			productType = "com.apple.product-type.application";
		};
		5A44A1E719F0E71A006A9E1C /* mailClassifierTests */ = {
			isa = PBXNativeTarget;
			buildConfigurationList = 5A44A1FC19F0E71A006A9E1C /* Build configuration list for PBXNativeTarget "mailClassifierTests" */;
			buildPhases = (
				5A44A1E419F0E71A006A9E1C /* Sources */,
				5A44A1E519F0E71A006A9E1C /* Frameworks */,
				5A44A1E619F0E71A006A9E1C /* Resources */,
			);
			buildRules = (
			);
			dependencies = (
				5A44A1EE19F0E71A006A9E1C /* PBXTargetDependency */,
			);
			name = mailClassifierTests;
			productName = mailClassifierTests;
			productReference = 5A44A1E819F0E71A006A9E1C /* mailClassifierTests.xctest */;
			productType = "com.apple.product-type.bundle.unit-test";
		};
/* End PBXNativeTarget section */

/* Begin PBXProject section */
		5A44A1BC19F0E71A006A9E1C /* Project object */ = {
			isa = PBXProject;
			attributes = {
				LastUpgradeCheck = 0510;
				ORGANIZATIONNAME = Youngsun;
				TargetAttributes = {
					5A44A1E719F0E71A006A9E1C = {
						TestTargetID = 5A44A1C319F0E71A006A9E1C;
					};
				};
			};
			buildConfigurationList = 5A44A1BF19F0E71A006A9E1C /* Build configuration list for PBXProject "mailClassifier" */;
			compatibilityVersion = "Xcode 3.2";
			developmentRegion = English;
			hasScannedForEncodings = 0;
			knownRegions = (
				en,
				Base,
			);
			mainGroup = 5A44A1BB19F0E71A006A9E1C;
			productRefGroup = 5A44A1C519F0E71A006A9E1C /* Products */;
			projectDirPath = "";
			projectReferences = (
				{
					ProductGroup = C2E4A44719F507AB0048AD35 /* Products */;
					ProjectRef = C2E4A44619F507AB0048AD35 /* mailcore2.xcodeproj */;
				},
			);
			projectRoot = "";
			targets = (
				5A44A1C319F0E71A006A9E1C /* mailClassifier */,
				5A44A1E719F0E71A006A9E1C /* mailClassifierTests */,
			);
		};
/* End PBXProject section */

/* Begin PBXReferenceProxy section */
		C2E4A45019F507AC0048AD35 /* libMailCore.a */ = {
			isa = PBXReferenceProxy;
			fileType = archive.ar;
			path = libMailCore.a;
			remoteRef = C2E4A44F19F507AC0048AD35 /* PBXContainerItemProxy */;
			sourceTree = BUILT_PRODUCTS_DIR;
		};
		C2E4A45219F507AC0048AD35 /* libMailCore-ios.a */ = {
			isa = PBXReferenceProxy;
			fileType = archive.ar;
			path = "libMailCore-ios.a";
			remoteRef = C2E4A45119F507AC0048AD35 /* PBXContainerItemProxy */;
			sourceTree = BUILT_PRODUCTS_DIR;
		};
		C2E4A45419F507AC0048AD35 /* tests */ = {
			isa = PBXReferenceProxy;
			fileType = "compiled.mach-o.executable";
			path = tests;
			remoteRef = C2E4A45319F507AC0048AD35 /* PBXContainerItemProxy */;
			sourceTree = BUILT_PRODUCTS_DIR;
		};
		C2E4A45619F507AC0048AD35 /* test-ios.app */ = {
			isa = PBXReferenceProxy;
			fileType = wrapper.application;
			path = "test-ios.app";
			remoteRef = C2E4A45519F507AC0048AD35 /* PBXContainerItemProxy */;
			sourceTree = BUILT_PRODUCTS_DIR;
		};
		C2E4A45819F507AC0048AD35 /* MailCore.framework */ = {
			isa = PBXReferenceProxy;
			fileType = wrapper.framework;
			path = MailCore.framework;
			remoteRef = C2E4A45719F507AC0048AD35 /* PBXContainerItemProxy */;
			sourceTree = BUILT_PRODUCTS_DIR;
		};
		C2E4A45A19F507AC0048AD35 /* MailCore-ios.framework */ = {
			isa = PBXReferenceProxy;
			fileType = wrapper.framework;
			path = "MailCore-ios.framework";
			remoteRef = C2E4A45919F507AC0048AD35 /* PBXContainerItemProxy */;
			sourceTree = BUILT_PRODUCTS_DIR;
		};
/* End PBXReferenceProxy section */

/* Begin PBXResourcesBuildPhase section */
		5A44A1C219F0E71A006A9E1C /* Resources */ = {
			isa = PBXResourcesBuildPhase;
			buildActionMask = 2147483647;
			files = (
				C2E4A48019F5201B0048AD35 /* sigmaSimilarity030.db in Resources */,
				C2E4A48619F601400048AD35 /* Main.storyboard in Resources */,
				C2E4A47E19F5201B0048AD35 /* sigmaBase030.db in Resources */,
				C2E4A47F19F5201B0048AD35 /* sigmaIndex.db in Resources */,
				5A44A1E319F0E71A006A9E1C /* Images.xcassets in Resources */,
				C2E4A47C19F5201B0048AD35 /* android.db in Resources */,
				5A44A1DB19F0E71A006A9E1C /* Main_iPhone.storyboard in Resources */,
				5A44A1D219F0E71A006A9E1C /* InfoPlist.strings in Resources */,
				C2E4A47D19F5201B0048AD35 /* itunes.db in Resources */,
			);
			runOnlyForDeploymentPostprocessing = 0;
		};
		5A44A1E619F0E71A006A9E1C /* Resources */ = {
			isa = PBXResourcesBuildPhase;
			buildActionMask = 2147483647;
			files = (
				5A44A1F419F0E71A006A9E1C /* InfoPlist.strings in Resources */,
			);
			runOnlyForDeploymentPostprocessing = 0;
		};
/* End PBXResourcesBuildPhase section */

/* Begin PBXSourcesBuildPhase section */
		5A44A1C019F0E71A006A9E1C /* Sources */ = {
			isa = PBXSourcesBuildPhase;
			buildActionMask = 2147483647;
			files = (
				C2E4A48C19F602430048AD35 /* OSClassifier.m in Sources */,
				C2E4A47119F520120048AD35 /* OSSqlite.m in Sources */,
				C2E4A49119F6025C0048AD35 /* EmailDetailViewController.m in Sources */,
				C2E4A49219F6025C0048AD35 /* ViewController.m in Sources */,
				5A44A1D819F0E71A006A9E1C /* AppDelegate.m in Sources */,
				C2E4A47219F520120048AD35 /* OSVector.m in Sources */,
				C2E4A47B19F5201B0048AD35 /* CTokenizer.m in Sources */,
				5A44A1D419F0E71A006A9E1C /* main.m in Sources */,
				C2E4A47019F520120048AD35 /* OSDocument.m in Sources */,
			);
			runOnlyForDeploymentPostprocessing = 0;
		};
		5A44A1E419F0E71A006A9E1C /* Sources */ = {
			isa = PBXSourcesBuildPhase;
			buildActionMask = 2147483647;
			files = (
				5A44A1F619F0E71A006A9E1C /* mailClassifierTests.m in Sources */,
			);
			runOnlyForDeploymentPostprocessing = 0;
		};
/* End PBXSourcesBuildPhase section */

/* Begin PBXTargetDependency section */
		5A44A1EE19F0E71A006A9E1C /* PBXTargetDependency */ = {
			isa = PBXTargetDependency;
			target = 5A44A1C319F0E71A006A9E1C /* mailClassifier */;
			targetProxy = 5A44A1ED19F0E71A006A9E1C /* PBXContainerItemProxy */;
		};
		C2E4A45D19F508000048AD35 /* PBXTargetDependency */ = {
			isa = PBXTargetDependency;
			name = "static mailcore2 ios";
			targetProxy = C2E4A45C19F508000048AD35 /* PBXContainerItemProxy */;
		};
/* End PBXTargetDependency section */

/* Begin PBXVariantGroup section */
		5A44A1D019F0E71A006A9E1C /* InfoPlist.strings */ = {
			isa = PBXVariantGroup;
			children = (
				5A44A1D119F0E71A006A9E1C /* en */,
			);
			name = InfoPlist.strings;
			sourceTree = "<group>";
		};
		5A44A1D919F0E71A006A9E1C /* Main_iPhone.storyboard */ = {
			isa = PBXVariantGroup;
			children = (
				5A44A1DA19F0E71A006A9E1C /* Base */,
			);
			name = Main_iPhone.storyboard;
			sourceTree = "<group>";
		};
		5A44A1F219F0E71A006A9E1C /* InfoPlist.strings */ = {
			isa = PBXVariantGroup;
			children = (
				5A44A1F319F0E71A006A9E1C /* en */,
			);
			name = InfoPlist.strings;
			sourceTree = "<group>";
		};
		C2E4A48419F601400048AD35 /* Main.storyboard */ = {
			isa = PBXVariantGroup;
			children = (
				C2E4A48519F601400048AD35 /* Base */,
			);
			name = Main.storyboard;
			sourceTree = "<group>";
		};
/* End PBXVariantGroup section */

/* Begin XCBuildConfiguration section */
		5A44A1F719F0E71A006A9E1C /* Debug */ = {
			isa = XCBuildConfiguration;
			buildSettings = {
				ALWAYS_SEARCH_USER_PATHS = NO;
				CLANG_CXX_LANGUAGE_STANDARD = "gnu++0x";
				CLANG_CXX_LIBRARY = "libc++";
				CLANG_ENABLE_MODULES = YES;
				CLANG_ENABLE_OBJC_ARC = YES;
				CLANG_WARN_BOOL_CONVERSION = YES;
				CLANG_WARN_CONSTANT_CONVERSION = YES;
				CLANG_WARN_DIRECT_OBJC_ISA_USAGE = YES_ERROR;
				CLANG_WARN_EMPTY_BODY = YES;
				CLANG_WARN_ENUM_CONVERSION = YES;
				CLANG_WARN_INT_CONVERSION = YES;
				CLANG_WARN_OBJC_ROOT_CLASS = YES_ERROR;
				CLANG_WARN__DUPLICATE_METHOD_MATCH = YES;
				"CODE_SIGN_IDENTITY[sdk=iphoneos*]" = "iPhone Developer";
				COPY_PHASE_STRIP = NO;
				GCC_C_LANGUAGE_STANDARD = gnu99;
				GCC_DYNAMIC_NO_PIC = NO;
				GCC_OPTIMIZATION_LEVEL = 0;
				GCC_PREPROCESSOR_DEFINITIONS = (
					"DEBUG=1",
					"$(inherited)",
				);
				GCC_SYMBOLS_PRIVATE_EXTERN = NO;
				GCC_WARN_64_TO_32_BIT_CONVERSION = YES;
				GCC_WARN_ABOUT_RETURN_TYPE = YES_ERROR;
				GCC_WARN_UNDECLARED_SELECTOR = YES;
				GCC_WARN_UNINITIALIZED_AUTOS = YES_AGGRESSIVE;
				GCC_WARN_UNUSED_FUNCTION = YES;
				GCC_WARN_UNUSED_VARIABLE = YES;
				IPHONEOS_DEPLOYMENT_TARGET = 7.1;
				ONLY_ACTIVE_ARCH = YES;
				SDKROOT = iphoneos;
				TARGETED_DEVICE_FAMILY = "1,2";
			};
			name = Debug;
		};
		5A44A1F819F0E71A006A9E1C /* Release */ = {
			isa = XCBuildConfiguration;
			buildSettings = {
				ALWAYS_SEARCH_USER_PATHS = NO;
				CLANG_CXX_LANGUAGE_STANDARD = "gnu++0x";
				CLANG_CXX_LIBRARY = "libc++";
				CLANG_ENABLE_MODULES = YES;
				CLANG_ENABLE_OBJC_ARC = YES;
				CLANG_WARN_BOOL_CONVERSION = YES;
				CLANG_WARN_CONSTANT_CONVERSION = YES;
				CLANG_WARN_DIRECT_OBJC_ISA_USAGE = YES_ERROR;
				CLANG_WARN_EMPTY_BODY = YES;
				CLANG_WARN_ENUM_CONVERSION = YES;
				CLANG_WARN_INT_CONVERSION = YES;
				CLANG_WARN_OBJC_ROOT_CLASS = YES_ERROR;
				CLANG_WARN__DUPLICATE_METHOD_MATCH = YES;
				"CODE_SIGN_IDENTITY[sdk=iphoneos*]" = "iPhone Developer";
				COPY_PHASE_STRIP = YES;
				ENABLE_NS_ASSERTIONS = NO;
				GCC_C_LANGUAGE_STANDARD = gnu99;
				GCC_WARN_64_TO_32_BIT_CONVERSION = YES;
				GCC_WARN_ABOUT_RETURN_TYPE = YES_ERROR;
				GCC_WARN_UNDECLARED_SELECTOR = YES;
				GCC_WARN_UNINITIALIZED_AUTOS = YES_AGGRESSIVE;
				GCC_WARN_UNUSED_FUNCTION = YES;
				GCC_WARN_UNUSED_VARIABLE = YES;
				IPHONEOS_DEPLOYMENT_TARGET = 7.1;
				SDKROOT = iphoneos;
				TARGETED_DEVICE_FAMILY = "1,2";
				VALIDATE_PRODUCT = YES;
			};
			name = Release;
		};
		5A44A1FA19F0E71A006A9E1C /* Debug */ = {
			isa = XCBuildConfiguration;
			buildSettings = {
				ASSETCATALOG_COMPILER_APPICON_NAME = AppIcon;
				ASSETCATALOG_COMPILER_LAUNCHIMAGE_NAME = LaunchImage;
				GCC_PRECOMPILE_PREFIX_HEADER = YES;
				GCC_PREFIX_HEADER = "mailClassifier/mailClassifier-Prefix.pch";
				INFOPLIST_FILE = "mailClassifier/mailClassifier-Info.plist";
				OTHER_LDFLAGS = (
					"-licucore",
					"-lc++",
					"-stdlib=libc++",
					"-ObjC",
					"-lctemplate-ios",
					"-letpan-ios",
					"-licudata",
					"-licui18n",
					"-licuuc",
					"-lxml2",
					"-lsasl2",
					"-liconv",
					"-ltidy",
					"-lz",
				);
				PRODUCT_NAME = "$(TARGET_NAME)";
				WRAPPER_EXTENSION = app;
			};
			name = Debug;
		};
		5A44A1FB19F0E71A006A9E1C /* Release */ = {
			isa = XCBuildConfiguration;
			buildSettings = {
				ASSETCATALOG_COMPILER_APPICON_NAME = AppIcon;
				ASSETCATALOG_COMPILER_LAUNCHIMAGE_NAME = LaunchImage;
				GCC_PRECOMPILE_PREFIX_HEADER = YES;
				GCC_PREFIX_HEADER = "mailClassifier/mailClassifier-Prefix.pch";
				INFOPLIST_FILE = "mailClassifier/mailClassifier-Info.plist";
				OTHER_LDFLAGS = (
					"-licucore",
					"-lc++",
					"-stdlib=libc++",
					"-ObjC",
					"-lctemplate-ios",
					"-letpan-ios",
					"-licudata",
					"-licui18n",
					"-licuuc",
					"-lxml2",
					"-lsasl2",
					"-liconv",
					"-ltidy",
					"-lz",
				);
				PRODUCT_NAME = "$(TARGET_NAME)";
				WRAPPER_EXTENSION = app;
			};
			name = Release;
		};
		5A44A1FD19F0E71A006A9E1C /* Debug */ = {
			isa = XCBuildConfiguration;
			buildSettings = {
				BUNDLE_LOADER = "$(BUILT_PRODUCTS_DIR)/mailClassifier.app/mailClassifier";
				FRAMEWORK_SEARCH_PATHS = (
					"$(SDKROOT)/Developer/Library/Frameworks",
					"$(inherited)",
					"$(DEVELOPER_FRAMEWORKS_DIR)",
				);
				GCC_PRECOMPILE_PREFIX_HEADER = YES;
				GCC_PREFIX_HEADER = "mailClassifier/mailClassifier-Prefix.pch";
				GCC_PREPROCESSOR_DEFINITIONS = (
					"DEBUG=1",
					"$(inherited)",
				);
				INFOPLIST_FILE = "mailClassifierTests/mailClassifierTests-Info.plist";
				PRODUCT_NAME = "$(TARGET_NAME)";
				TEST_HOST = "$(BUNDLE_LOADER)";
				WRAPPER_EXTENSION = xctest;
			};
			name = Debug;
		};
		5A44A1FE19F0E71A006A9E1C /* Release */ = {
			isa = XCBuildConfiguration;
			buildSettings = {
				BUNDLE_LOADER = "$(BUILT_PRODUCTS_DIR)/mailClassifier.app/mailClassifier";
				FRAMEWORK_SEARCH_PATHS = (
					"$(SDKROOT)/Developer/Library/Frameworks",
					"$(inherited)",
					"$(DEVELOPER_FRAMEWORKS_DIR)",
				);
				GCC_PRECOMPILE_PREFIX_HEADER = YES;
				GCC_PREFIX_HEADER = "mailClassifier/mailClassifier-Prefix.pch";
				INFOPLIST_FILE = "mailClassifierTests/mailClassifierTests-Info.plist";
				PRODUCT_NAME = "$(TARGET_NAME)";
				TEST_HOST = "$(BUNDLE_LOADER)";
				WRAPPER_EXTENSION = xctest;
			};
			name = Release;
		};
/* End XCBuildConfiguration section */

/* Begin XCConfigurationList section */
		5A44A1BF19F0E71A006A9E1C /* Build configuration list for PBXProject "mailClassifier" */ = {
			isa = XCConfigurationList;
			buildConfigurations = (
				5A44A1F719F0E71A006A9E1C /* Debug */,
				5A44A1F819F0E71A006A9E1C /* Release */,
			);
			defaultConfigurationIsVisible = 0;
			defaultConfigurationName = Release;
		};
		5A44A1F919F0E71A006A9E1C /* Build configuration list for PBXNativeTarget "mailClassifier" */ = {
			isa = XCConfigurationList;
			buildConfigurations = (
				5A44A1FA19F0E71A006A9E1C /* Debug */,
				5A44A1FB19F0E71A006A9E1C /* Release */,
			);
			defaultConfigurationIsVisible = 0;
			defaultConfigurationName = Release;
		};
		5A44A1FC19F0E71A006A9E1C /* Build configuration list for PBXNativeTarget "mailClassifierTests" */ = {
			isa = XCConfigurationList;
			buildConfigurations = (
				5A44A1FD19F0E71A006A9E1C /* Debug */,
				5A44A1FE19F0E71A006A9E1C /* Release */,
			);
			defaultConfigurationIsVisible = 0;
			defaultConfigurationName = Release;
		};
/* End XCConfigurationList section */
	};
	rootObject = 5A44A1BC19F0E71A006A9E1C /* Project object */;
}
